
Microsoft Visual Studio Solution File, Format Version 12.00
# Visual Studio Version 16
VisualStudioVersion = 16.0.30503.244
MinimumVisualStudioVersion = 10.0.40219.1
Project("{FAE04EC0-301F-11D3-BF4B-00C04F79EFBC}") = "DentalWeb", "DentalWeb.csproj", "{9BF0B2BD-B7D3-49AF-8BF5-51F50F3D273D}"
EndProject
Global
	GlobalSection(SolutionConfigurationPlatforms) = preSolution
		Debug|Any CPU = Debug|Any CPU
		Release|Any CPU = Release|Any CPU
	EndGlobalSection
	GlobalSection(ProjectConfigurationPlatforms) = postSolution
		{9BF0B2BD-B7D3-49AF-8BF5-51F50F3D273D}.Debug|Any CPU.ActiveCfg = Debug|Any CPU
		{9BF0B2BD-B7D3-49AF-8BF5-51F50F3D273D}.Debug|Any CPU.Build.0 = Debug|Any CPU
		{9BF0B2BD-B7D3-49AF-8BF5-51F50F3D273D}.Release|Any CPU.ActiveCfg = Release|Any CPU
		{9BF0B2BD-B7D3-49AF-8BF5-51F50F3D273D}.Release|Any CPU.Build.0 = Release|Any CPU
	EndGlobalSection
	GlobalSection(SolutionProperties) = preSolution
		HideSolutionNode = FALSE
	EndGlobalSection
	GlobalSection(ExtensibilityGlobals) = postSolution
		SolutionGuid = {2E32971E-B61C-408D-B1D7-AA1C9B5E9F18}
	EndGlobalSection
EndGlobal
